
Microsoft Visual Studio Solution File, Format Version 12.00
# Visual Studio 15
VisualStudioVersion = 15.0.28307.1062
MinimumVisualStudioVersion = 10.0.40219.1
Project("{9A19103F-16F7-4668-BE54-9A1E7A4F7556}") = "Laba 1", "Laba 1\Laba 1.csproj", "{F6B93A77-4A29-4E14-9C96-3224E5B6BFD2}"
EndProject
Project("{9A19103F-16F7-4668-BE54-9A1E7A4F7556}") = "TracerLib", "ClassLibrary1\TracerLib.csproj", "{E8111847-20FB-4C93-A75D-F4001D78079E}"
EndProject
Project("{FAE04EC0-301F-11D3-BF4B-00C04F79EFBC}") = "TracerLib.Tests", "TracerLib.Tests\TracerLib.Tests.csproj", "{4B45E038-203E-45BE-A02D-95F7D313C15F}"
EndProject
Global
	GlobalSection(SolutionConfigurationPlatforms) = preSolution
		Debug|Any CPU = Debug|Any CPU
		Release|Any CPU = Release|Any CPU
	EndGlobalSection
	GlobalSection(ProjectConfigurationPlatforms) = postSolution
		{F6B93A77-4A29-4E14-9C96-3224E5B6BFD2}.Debug|Any CPU.ActiveCfg = Debug|Any CPU
		{F6B93A77-4A29-4E14-9C96-3224E5B6BFD2}.Debug|Any CPU.Build.0 = Debug|Any CPU
		{F6B93A77-4A29-4E14-9C96-3224E5B6BFD2}.Release|Any CPU.ActiveCfg = Release|Any CPU
		{F6B93A77-4A29-4E14-9C96-3224E5B6BFD2}.Release|Any CPU.Build.0 = Release|Any CPU
		{E8111847-20FB-4C93-A75D-F4001D78079E}.Debug|Any CPU.ActiveCfg = Debug|Any CPU
		{E8111847-20FB-4C93-A75D-F4001D78079E}.Debug|Any CPU.Build.0 = Debug|Any CPU
		{E8111847-20FB-4C93-A75D-F4001D78079E}.Release|Any CPU.ActiveCfg = Release|Any CPU
		{E8111847-20FB-4C93-A75D-F4001D78079E}.Release|Any CPU.Build.0 = Release|Any CPU
		{4B45E038-203E-45BE-A02D-95F7D313C15F}.Debug|Any CPU.ActiveCfg = Debug|Any CPU
		{4B45E038-203E-45BE-A02D-95F7D313C15F}.Debug|Any CPU.Build.0 = Debug|Any CPU
		{4B45E038-203E-45BE-A02D-95F7D313C15F}.Release|Any CPU.ActiveCfg = Release|Any CPU
		{4B45E038-203E-45BE-A02D-95F7D313C15F}.Release|Any CPU.Build.0 = Release|Any CPU
	EndGlobalSection
	GlobalSection(SolutionProperties) = preSolution
		HideSolutionNode = FALSE
	EndGlobalSection
	GlobalSection(ExtensibilityGlobals) = postSolution
		SolutionGuid = {8B1511EE-C29C-4367-B2D1-60C9F7A06583}
	EndGlobalSection
EndGlobal
